// !$*UTF8*$!
{
	archiveVersion = 1;
	classes = {
	};
	objectVersion = 50;
	objects = {

/* Begin PBXBuildFile section */
		78488B6422989105004A6B63 /* Localizable.strings in Resources */ = {isa = PBXBuildFile; fileRef = 78488B6322989105004A6B63 /* Localizable.strings */; };
		78B0DB9722988618009DAB6A /* AppDelegate.swift in Sources */ = {isa = PBXBuildFile; fileRef = 78B0DB9622988618009DAB6A /* AppDelegate.swift */; };
		78B0DB9922988618009DAB6A /* MainViewController.swift in Sources */ = {isa = PBXBuildFile; fileRef = 78B0DB9822988618009DAB6A /* MainViewController.swift */; };
		78B0DB9C22988618009DAB6A /* Main.storyboard in Resources */ = {isa = PBXBuildFile; fileRef = 78B0DB9A22988618009DAB6A /* Main.storyboard */; };
		78B0DB9F22988618009DAB6A /* MyMovieDB.xcdatamodeld in Sources */ = {isa = PBXBuildFile; fileRef = 78B0DB9D22988618009DAB6A /* MyMovieDB.xcdatamodeld */; };
		78B0DBA122988619009DAB6A /* Assets.xcassets in Resources */ = {isa = PBXBuildFile; fileRef = 78B0DBA022988619009DAB6A /* Assets.xcassets */; };
		78B0DBA422988619009DAB6A /* LaunchScreen.storyboard in Resources */ = {isa = PBXBuildFile; fileRef = 78B0DBA222988619009DAB6A /* LaunchScreen.storyboard */; };
/* End PBXBuildFile section */

/* Begin PBXFileReference section */
		78488B5F2298908B004A6B63 /* pt-BR */ = {isa = PBXFileReference; lastKnownFileType = text.plist.strings; name = "pt-BR"; path = "pt-BR.lproj/LaunchScreen.strings"; sourceTree = "<group>"; };
		78488B6322989105004A6B63 /* Localizable.strings */ = {isa = PBXFileReference; lastKnownFileType = text.plist.strings; path = Localizable.strings; sourceTree = "<group>"; };
		78B0DB9322988618009DAB6A /* MyMovieDB.dev.app */ = {isa = PBXFileReference; explicitFileType = wrapper.application; includeInIndex = 0; path = MyMovieDB.dev.app; sourceTree = BUILT_PRODUCTS_DIR; };
		78B0DB9622988618009DAB6A /* AppDelegate.swift */ = {isa = PBXFileReference; lastKnownFileType = sourcecode.swift; path = AppDelegate.swift; sourceTree = "<group>"; };
		78B0DB9822988618009DAB6A /* MainViewController.swift */ = {isa = PBXFileReference; lastKnownFileType = sourcecode.swift; path = MainViewController.swift; sourceTree = "<group>"; };
		78B0DB9B22988618009DAB6A /* Base */ = {isa = PBXFileReference; lastKnownFileType = file.storyboard; name = Base; path = Base.lproj/Main.storyboard; sourceTree = "<group>"; };
		78B0DB9E22988618009DAB6A /* MyMovieDB.xcdatamodel */ = {isa = PBXFileReference; lastKnownFileType = wrapper.xcdatamodel; path = MyMovieDB.xcdatamodel; sourceTree = "<group>"; };
		78B0DBA022988619009DAB6A /* Assets.xcassets */ = {isa = PBXFileReference; lastKnownFileType = folder.assetcatalog; path = Assets.xcassets; sourceTree = "<group>"; };
		78B0DBA322988619009DAB6A /* Base */ = {isa = PBXFileReference; lastKnownFileType = file.storyboard; name = Base; path = Base.lproj/LaunchScreen.storyboard; sourceTree = "<group>"; };
		78B0DBA522988619009DAB6A /* Info.plist */ = {isa = PBXFileReference; lastKnownFileType = text.plist.xml; path = Info.plist; sourceTree = "<group>"; };
/* End PBXFileReference section */

/* Begin PBXFrameworksBuildPhase section */
		78B0DB9022988618009DAB6A /* Frameworks */ = {
			isa = PBXFrameworksBuildPhase;
			buildActionMask = 2147483647;
			files = (
			);
			runOnlyForDeploymentPostprocessing = 0;
		};
/* End PBXFrameworksBuildPhase section */

/* Begin PBXGroup section */
		78B0DB8A22988618009DAB6A = {
			isa = PBXGroup;
			children = (
				78B0DB9522988618009DAB6A /* MyMovieDB */,
				78B0DB9422988618009DAB6A /* Products */,
			);
			sourceTree = "<group>";
		};
		78B0DB9422988618009DAB6A /* Products */ = {
			isa = PBXGroup;
			children = (
				78B0DB9322988618009DAB6A /* MyMovieDB.dev.app */,
			);
			name = Products;
			sourceTree = "<group>";
		};
		78B0DB9522988618009DAB6A /* MyMovieDB */ = {
			isa = PBXGroup;
			children = (
				78B0DBAE229888A3009DAB6A /* Other Sources */,
				78B0DBAC22988896009DAB6A /* Resources */,
				78B0DBAB2298888D009DAB6A /* Sources */,
			);
			path = MyMovieDB;
			sourceTree = "<group>";
		};
		78B0DBAB2298888D009DAB6A /* Sources */ = {
			isa = PBXGroup;
			children = (
				78B0DB9822988618009DAB6A /* MainViewController.swift */,
			);
			path = Sources;
			sourceTree = "<group>";
		};
		78B0DBAC22988896009DAB6A /* Resources */ = {
			isa = PBXGroup;
			children = (
				78B0DB9A22988618009DAB6A /* Main.storyboard */,
				78B0DBA022988619009DAB6A /* Assets.xcassets */,
				78B0DBA222988619009DAB6A /* LaunchScreen.storyboard */,
				78B0DB9D22988618009DAB6A /* MyMovieDB.xcdatamodeld */,
				78488B6322989105004A6B63 /* Localizable.strings */,
			);
			path = Resources;
			sourceTree = "<group>";
		};
		78B0DBAE229888A3009DAB6A /* Other Sources */ = {
			isa = PBXGroup;
			children = (
				78B0DB9622988618009DAB6A /* AppDelegate.swift */,
				78B0DBA522988619009DAB6A /* Info.plist */,
			);
			name = "Other Sources";
			sourceTree = "<group>";
		};
/* End PBXGroup section */

/* Begin PBXNativeTarget section */
		78B0DB9222988618009DAB6A /* MyMovieDB */ = {
			isa = PBXNativeTarget;
			buildConfigurationList = 78B0DBA822988619009DAB6A /* Build configuration list for PBXNativeTarget "MyMovieDB" */;
			buildPhases = (
				78B0DB8F22988618009DAB6A /* Sources */,
				78B0DB9022988618009DAB6A /* Frameworks */,
				78B0DB9122988618009DAB6A /* Resources */,
			);
			buildRules = (
			);
			dependencies = (
			);
			name = MyMovieDB;
			productName = MyMovieDB;
			productReference = 78B0DB9322988618009DAB6A /* MyMovieDB.dev.app */;
			productType = "com.apple.product-type.application";
		};
/* End PBXNativeTarget section */

/* Begin PBXProject section */
		78B0DB8B22988618009DAB6A /* Project object */ = {
			isa = PBXProject;
			attributes = {
				LastSwiftUpdateCheck = 1020;
				LastUpgradeCheck = 1020;
				ORGANIZATIONNAME = "Salgado's Production";
				TargetAttributes = {
					78B0DB9222988618009DAB6A = {
						CreatedOnToolsVersion = 10.2;
					};
				};
			};
			buildConfigurationList = 78B0DB8E22988618009DAB6A /* Build configuration list for PBXProject "MyMovieDB" */;
			compatibilityVersion = "Xcode 9.3";
			developmentRegion = en;
			hasScannedForEncodings = 0;
			knownRegions = (
				Base,
				"pt-BR",
			);
			mainGroup = 78B0DB8A22988618009DAB6A;
			productRefGroup = 78B0DB9422988618009DAB6A /* Products */;
			projectDirPath = "";
			projectRoot = "";
			targets = (
				78B0DB9222988618009DAB6A /* MyMovieDB */,
			);
		};
/* End PBXProject section */

/* Begin PBXResourcesBuildPhase section */
		78B0DB9122988618009DAB6A /* Resources */ = {
			isa = PBXResourcesBuildPhase;
			buildActionMask = 2147483647;
			files = (
				78B0DBA422988619009DAB6A /* LaunchScreen.storyboard in Resources */,
				78488B6422989105004A6B63 /* Localizable.strings in Resources */,
				78B0DBA122988619009DAB6A /* Assets.xcassets in Resources */,
				78B0DB9C22988618009DAB6A /* Main.storyboard in Resources */,
			);
			runOnlyForDeploymentPostprocessing = 0;
		};
/* End PBXResourcesBuildPhase section */

/* Begin PBXSourcesBuildPhase section */
		78B0DB8F22988618009DAB6A /* Sources */ = {
			isa = PBXSourcesBuildPhase;
			buildActionMask = 2147483647;
			files = (
				78B0DB9922988618009DAB6A /* MainViewController.swift in Sources */,
				78B0DB9F22988618009DAB6A /* MyMovieDB.xcdatamodeld in Sources */,
				78B0DB9722988618009DAB6A /* AppDelegate.swift in Sources */,
			);
			runOnlyForDeploymentPostprocessing = 0;
		};
/* End PBXSourcesBuildPhase section */

/* Begin PBXVariantGroup section */
		78B0DB9A22988618009DAB6A /* Main.storyboard */ = {
			isa = PBXVariantGroup;
			children = (
				78B0DB9B22988618009DAB6A /* Base */,
			);
			name = Main.storyboard;
			sourceTree = "<group>";
		};
		78B0DBA222988619009DAB6A /* LaunchScreen.storyboard */ = {
			isa = PBXVariantGroup;
			children = (
				78B0DBA322988619009DAB6A /* Base */,
				78488B5F2298908B004A6B63 /* pt-BR */,
			);
			name = LaunchScreen.storyboard;
			sourceTree = "<group>";
		};
/* End PBXVariantGroup section */

/* Begin XCBuildConfiguration section */
		78B0DBA622988619009DAB6A /* Debug */ = {
			isa = XCBuildConfiguration;
			buildSettings = {
				ALWAYS_SEARCH_USER_PATHS = NO;
				APP_SUFIX = .dev;
				CLANG_ANALYZER_LOCALIZABILITY_NONLOCALIZED = YES;
				CLANG_ANALYZER_NONNULL = YES;
				CLANG_ANALYZER_NUMBER_OBJECT_CONVERSION = YES_AGGRESSIVE;
				CLANG_CXX_LANGUAGE_STANDARD = "gnu++14";
				CLANG_CXX_LIBRARY = "libc++";
				CLANG_ENABLE_MODULES = YES;
				CLANG_ENABLE_OBJC_ARC = YES;
				CLANG_ENABLE_OBJC_WEAK = YES;
				CLANG_WARN_BLOCK_CAPTURE_AUTORELEASING = YES;
				CLANG_WARN_BOOL_CONVERSION = YES;
				CLANG_WARN_COMMA = YES;
				CLANG_WARN_CONSTANT_CONVERSION = YES;
				CLANG_WARN_DEPRECATED_OBJC_IMPLEMENTATIONS = YES;
				CLANG_WARN_DIRECT_OBJC_ISA_USAGE = YES_ERROR;
				CLANG_WARN_DOCUMENTATION_COMMENTS = YES;
				CLANG_WARN_EMPTY_BODY = YES;
				CLANG_WARN_ENUM_CONVERSION = YES;
				CLANG_WARN_INFINITE_RECURSION = YES;
				CLANG_WARN_INT_CONVERSION = YES;
				CLANG_WARN_NON_LITERAL_NULL_CONVERSION = YES;
				CLANG_WARN_OBJC_IMPLICIT_RETAIN_SELF = YES;
				CLANG_WARN_OBJC_LITERAL_CONVERSION = YES;
				CLANG_WARN_OBJC_ROOT_CLASS = YES_ERROR;
				CLANG_WARN_RANGE_LOOP_ANALYSIS = YES;
				CLANG_WARN_STRICT_PROTOTYPES = YES;
				CLANG_WARN_SUSPICIOUS_MOVE = YES;
				CLANG_WARN_UNGUARDED_AVAILABILITY = YES_AGGRESSIVE;
				CLANG_WARN_UNREACHABLE_CODE = YES;
				CLANG_WARN__DUPLICATE_METHOD_MATCH = YES;
				CODE_SIGN_IDENTITY = "iPhone Developer";
				COPY_PHASE_STRIP = NO;
				DEBUG_INFORMATION_FORMAT = dwarf;
				ENABLE_STRICT_OBJC_MSGSEND = YES;
				ENABLE_TESTABILITY = YES;
				GCC_C_LANGUAGE_STANDARD = gnu11;
				GCC_DYNAMIC_NO_PIC = NO;
				GCC_NO_COMMON_BLOCKS = YES;
				GCC_OPTIMIZATION_LEVEL = 0;
				GCC_PREPROCESSOR_DEFINITIONS = (
					"DEBUG=1",
					"$(inherited)",
				);
				GCC_WARN_64_TO_32_BIT_CONVERSION = YES;
				GCC_WARN_ABOUT_RETURN_TYPE = YES_ERROR;
				GCC_WARN_UNDECLARED_SELECTOR = YES;
				GCC_WARN_UNINITIALIZED_AUTOS = YES_AGGRESSIVE;
				GCC_WARN_UNUSED_FUNCTION = YES;
				GCC_WARN_UNUSED_VARIABLE = YES;
				IPHONEOS_DEPLOYMENT_TARGET = 12.2;
				MTL_ENABLE_DEBUG_INFO = INCLUDE_SOURCE;
				MTL_FAST_MATH = YES;
				ONLY_ACTIVE_ARCH = YES;
				SDKROOT = iphoneos;
				SWIFT_ACTIVE_COMPILATION_CONDITIONS = DEBUG;
				SWIFT_OPTIMIZATION_LEVEL = "-Onone";
			};
			name = Debug;
		};
		78B0DBA722988619009DAB6A /* Release */ = {
			isa = XCBuildConfiguration;
			buildSettings = {
				ALWAYS_SEARCH_USER_PATHS = NO;
				APP_SUFIX = "";
				CLANG_ANALYZER_LOCALIZABILITY_NONLOCALIZED = YES;
				CLANG_ANALYZER_NONNULL = YES;
				CLANG_ANALYZER_NUMBER_OBJECT_CONVERSION = YES_AGGRESSIVE;
				CLANG_CXX_LANGUAGE_STANDARD = "gnu++14";
				CLANG_CXX_LIBRARY = "libc++";
				CLANG_ENABLE_MODULES = YES;
				CLANG_ENABLE_OBJC_ARC = YES;
				CLANG_ENABLE_OBJC_WEAK = YES;
				CLANG_WARN_BLOCK_CAPTURE_AUTORELEASING = YES;
				CLANG_WARN_BOOL_CONVERSION = YES;
				CLANG_WARN_COMMA = YES;
				CLANG_WARN_CONSTANT_CONVERSION = YES;
				CLANG_WARN_DEPRECATED_OBJC_IMPLEMENTATIONS = YES;
				CLANG_WARN_DIRECT_OBJC_ISA_USAGE = YES_ERROR;
				CLANG_WARN_DOCUMENTATION_COMMENTS = YES;
				CLANG_WARN_EMPTY_BODY = YES;
				CLANG_WARN_ENUM_CONVERSION = YES;
				CLANG_WARN_INFINITE_RECURSION = YES;
				CLANG_WARN_INT_CONVERSION = YES;
				CLANG_WARN_NON_LITERAL_NULL_CONVERSION = YES;
				CLANG_WARN_OBJC_IMPLICIT_RETAIN_SELF = YES;
				CLANG_WARN_OBJC_LITERAL_CONVERSION = YES;
				CLANG_WARN_OBJC_ROOT_CLASS = YES_ERROR;
				CLANG_WARN_RANGE_LOOP_ANALYSIS = YES;
				CLANG_WARN_STRICT_PROTOTYPES = YES;
				CLANG_WARN_SUSPICIOUS_MOVE = YES;
				CLANG_WARN_UNGUARDED_AVAILABILITY = YES_AGGRESSIVE;
				CLANG_WARN_UNREACHABLE_CODE = YES;
				CLANG_WARN__DUPLICATE_METHOD_MATCH = YES;
				CODE_SIGN_IDENTITY = "iPhone Developer";
				COPY_PHASE_STRIP = NO;
				DEBUG_INFORMATION_FORMAT = "dwarf-with-dsym";
				ENABLE_NS_ASSERTIONS = NO;
				ENABLE_STRICT_OBJC_MSGSEND = YES;
				GCC_C_LANGUAGE_STANDARD = gnu11;
				GCC_NO_COMMON_BLOCKS = YES;
				GCC_WARN_64_TO_32_BIT_CONVERSION = YES;
				GCC_WARN_ABOUT_RETURN_TYPE = YES_ERROR;
				GCC_WARN_UNDECLARED_SELECTOR = YES;
				GCC_WARN_UNINITIALIZED_AUTOS = YES_AGGRESSIVE;
				GCC_WARN_UNUSED_FUNCTION = YES;
				GCC_WARN_UNUSED_VARIABLE = YES;
				IPHONEOS_DEPLOYMENT_TARGET = 12.2;
				MTL_ENABLE_DEBUG_INFO = NO;
				MTL_FAST_MATH = YES;
				SDKROOT = iphoneos;
				SWIFT_COMPILATION_MODE = wholemodule;
				SWIFT_OPTIMIZATION_LEVEL = "-O";
				VALIDATE_PRODUCT = YES;
			};
			name = Release;
		};
		78B0DBA922988619009DAB6A /* Debug */ = {
			isa = XCBuildConfiguration;
			buildSettings = {
				ASSETCATALOG_COMPILER_APPICON_NAME = AppIcon$APP_SUFIX;
				CODE_SIGN_STYLE = Automatic;
				DEVELOPMENT_TEAM = HT3YCTX6YE;
				INFOPLIST_FILE = MyMovieDB/Info.plist;
				IPHONEOS_DEPLOYMENT_TARGET = 11.1;
				LD_RUNPATH_SEARCH_PATHS = (
					"$(inherited)",
					"@executable_path/Frameworks",
				);
				PRODUCT_BUNDLE_IDENTIFIER = SalgadoProductions.MyMovieDB$APP_SUFIX;
				PRODUCT_NAME = "$(TARGET_NAME)$APP_SUFIX";
				SWIFT_VERSION = 5.0;
				TARGETED_DEVICE_FAMILY = 1;
			};
			name = Debug;
		};
		78B0DBAA22988619009DAB6A /* Release */ = {
			isa = XCBuildConfiguration;
			buildSettings = {
				ASSETCATALOG_COMPILER_APPICON_NAME = AppIcon$APP_SUFIX;
				CODE_SIGN_STYLE = Automatic;
				DEVELOPMENT_TEAM = HT3YCTX6YE;
				INFOPLIST_FILE = MyMovieDB/Info.plist;
				IPHONEOS_DEPLOYMENT_TARGET = 11.1;
				LD_RUNPATH_SEARCH_PATHS = (
					"$(inherited)",
					"@executable_path/Frameworks",
				);
				PRODUCT_BUNDLE_IDENTIFIER = SalgadoProductions.MyMovieDB$APP_SUFIX;
				PRODUCT_NAME = "$(TARGET_NAME)$APP_SUFIX";
				SWIFT_VERSION = 5.0;
				TARGETED_DEVICE_FAMILY = 1;
			};
			name = Release;
		};
/* End XCBuildConfiguration section */

/* Begin XCConfigurationList section */
		78B0DB8E22988618009DAB6A /* Build configuration list for PBXProject "MyMovieDB" */ = {
			isa = XCConfigurationList;
			buildConfigurations = (
				78B0DBA622988619009DAB6A /* Debug */,
				78B0DBA722988619009DAB6A /* Release */,
			);
			defaultConfigurationIsVisible = 0;
			defaultConfigurationName = Release;
		};
		78B0DBA822988619009DAB6A /* Build configuration list for PBXNativeTarget "MyMovieDB" */ = {
			isa = XCConfigurationList;
			buildConfigurations = (
				78B0DBA922988619009DAB6A /* Debug */,
				78B0DBAA22988619009DAB6A /* Release */,
			);
			defaultConfigurationIsVisible = 0;
			defaultConfigurationName = Release;
		};
/* End XCConfigurationList section */

/* Begin XCVersionGroup section */
		78B0DB9D22988618009DAB6A /* MyMovieDB.xcdatamodeld */ = {
			isa = XCVersionGroup;
			children = (
				78B0DB9E22988618009DAB6A /* MyMovieDB.xcdatamodel */,
			);
			currentVersion = 78B0DB9E22988618009DAB6A /* MyMovieDB.xcdatamodel */;
			path = MyMovieDB.xcdatamodeld;
			sourceTree = "<group>";
			versionGroupType = wrapper.xcdatamodel;
		};
/* End XCVersionGroup section */
	};
	rootObject = 78B0DB8B22988618009DAB6A /* Project object */;
}
